
Microsoft Visual Studio Solution File, Format Version 12.00
# Visual Studio Version 17
VisualStudioVersion = 17.4.33205.214
MinimumVisualStudioVersion = 10.0.40219.1
Project("{FAE04EC0-301F-11D3-BF4B-00C04F79EFBC}") = "csharp toplama çıkarma operatörü", "csharp toplama çıkarma operatörü\csharp toplama çıkarma operatörü.csproj", "{6FFDECB5-536B-4E3B-AB39-2792175A5440}"
EndProject
Global
	GlobalSection(SolutionConfigurationPlatforms) = preSolution
		Debug|Any CPU = Debug|Any CPU
		Release|Any CPU = Release|Any CPU
	EndGlobalSection
	GlobalSection(ProjectConfigurationPlatforms) = postSolution
		{6FFDECB5-536B-4E3B-AB39-2792175A5440}.Debug|Any CPU.ActiveCfg = Debug|Any CPU
		{6FFDECB5-536B-4E3B-AB39-2792175A5440}.Debug|Any CPU.Build.0 = Debug|Any CPU
		{6FFDECB5-536B-4E3B-AB39-2792175A5440}.Release|Any CPU.ActiveCfg = Release|Any CPU
		{6FFDECB5-536B-4E3B-AB39-2792175A5440}.Release|Any CPU.Build.0 = Release|Any CPU
	EndGlobalSection
	GlobalSection(SolutionProperties) = preSolution
		HideSolutionNode = FALSE
	EndGlobalSection
	GlobalSection(ExtensibilityGlobals) = postSolution
		SolutionGuid = {27CEEE09-A1C2-4594-9449-CE6AFE81C4C7}
	EndGlobalSection
EndGlobal
